// !$*UTF8*$!
{
	archiveVersion = 1;
	classes = {
	};
	objectVersion = 56;
	objects = {

/* Begin PBXBuildFile section */
		D552F1612A7852E00090331C /* ViewModel.swift in Sources */ = {isa = PBXBuildFile; fileRef = D552F1602A7852E00090331C /* ViewModel.swift */; };
		D552F1632A7863D90090331C /* ArticleItem.swift in Sources */ = {isa = PBXBuildFile; fileRef = D552F1622A7863D90090331C /* ArticleItem.swift */; };
		D552F1652A7863F30090331C /* ArticleDetails.swift in Sources */ = {isa = PBXBuildFile; fileRef = D552F1642A7863F30090331C /* ArticleDetails.swift */; };
		D552F1672A78640E0090331C /* CustomButton.swift in Sources */ = {isa = PBXBuildFile; fileRef = D552F1662A78640E0090331C /* CustomButton.swift */; };
		D552F1692A7865D00090331C /* CustomTextFiled.swift in Sources */ = {isa = PBXBuildFile; fileRef = D552F1682A7865D00090331C /* CustomTextFiled.swift */; };
		D552F16C2A786F990090331C /* ArticlesScroll.swift in Sources */ = {isa = PBXBuildFile; fileRef = D552F16B2A786F990090331C /* ArticlesScroll.swift */; };
		D552F16E2A786FAC0090331C /* FillterComponent.swift in Sources */ = {isa = PBXBuildFile; fileRef = D552F16D2A786FAC0090331C /* FillterComponent.swift */; };
		D552F1722A787CF00090331C /* CashRelam.swift in Sources */ = {isa = PBXBuildFile; fileRef = D552F1712A787CF00090331C /* CashRelam.swift */; };
		D552F1742A7880460090331C /* BookmarkRelam.swift in Sources */ = {isa = PBXBuildFile; fileRef = D552F1732A7880460090331C /* BookmarkRelam.swift */; };
		D5A84BB42A76FB0B007A24C8 /* NewsReaderApp.swift in Sources */ = {isa = PBXBuildFile; fileRef = D5A84BB32A76FB0B007A24C8 /* NewsReaderApp.swift */; };
		D5A84BB62A76FB0B007A24C8 /* ContentView.swift in Sources */ = {isa = PBXBuildFile; fileRef = D5A84BB52A76FB0B007A24C8 /* ContentView.swift */; };
		D5A84BB82A76FB0C007A24C8 /* Assets.xcassets in Resources */ = {isa = PBXBuildFile; fileRef = D5A84BB72A76FB0C007A24C8 /* Assets.xcassets */; };
		D5A84BBB2A76FB0C007A24C8 /* Preview Assets.xcassets in Resources */ = {isa = PBXBuildFile; fileRef = D5A84BBA2A76FB0C007A24C8 /* Preview Assets.xcassets */; };
		D5A84BC72A76FCA9007A24C8 /* Realm in Frameworks */ = {isa = PBXBuildFile; productRef = D5A84BC62A76FCA9007A24C8 /* Realm */; };
		D5A84BC92A76FCA9007A24C8 /* RealmSwift in Frameworks */ = {isa = PBXBuildFile; productRef = D5A84BC82A76FCA9007A24C8 /* RealmSwift */; };
		D5A84BCC2A76FD48007A24C8 /* Alamofire in Frameworks */ = {isa = PBXBuildFile; productRef = D5A84BCB2A76FD48007A24C8 /* Alamofire */; };
		D5A84BCE2A770106007A24C8 /* Articles.swift in Sources */ = {isa = PBXBuildFile; fileRef = D5A84BCD2A770106007A24C8 /* Articles.swift */; };
		D5A84BD22A770572007A24C8 /* Controller_Realm.swift in Sources */ = {isa = PBXBuildFile; fileRef = D5A84BD12A770572007A24C8 /* Controller_Realm.swift */; };
		D5A84BD42A77065F007A24C8 /* Info_API.swift in Sources */ = {isa = PBXBuildFile; fileRef = D5A84BD32A77065F007A24C8 /* Info_API.swift */; };
		D5A84BD62A7706A1007A24C8 /* Controller_API.swift in Sources */ = {isa = PBXBuildFile; fileRef = D5A84BD52A7706A1007A24C8 /* Controller_API.swift */; };
		D5A84BD92A7732E4007A24C8 /* WebView.swift in Sources */ = {isa = PBXBuildFile; fileRef = D5A84BD82A7732E4007A24C8 /* WebView.swift */; };
/* End PBXBuildFile section */

/* Begin PBXFileReference section */
		D552F1602A7852E00090331C /* ViewModel.swift */ = {isa = PBXFileReference; lastKnownFileType = sourcecode.swift; path = ViewModel.swift; sourceTree = "<group>"; };
		D552F1622A7863D90090331C /* ArticleItem.swift */ = {isa = PBXFileReference; lastKnownFileType = sourcecode.swift; path = ArticleItem.swift; sourceTree = "<group>"; };
		D552F1642A7863F30090331C /* ArticleDetails.swift */ = {isa = PBXFileReference; lastKnownFileType = sourcecode.swift; path = ArticleDetails.swift; sourceTree = "<group>"; };
		D552F1662A78640E0090331C /* CustomButton.swift */ = {isa = PBXFileReference; lastKnownFileType = sourcecode.swift; path = CustomButton.swift; sourceTree = "<group>"; };
		D552F1682A7865D00090331C /* CustomTextFiled.swift */ = {isa = PBXFileReference; lastKnownFileType = sourcecode.swift; path = CustomTextFiled.swift; sourceTree = "<group>"; };
		D552F16B2A786F990090331C /* ArticlesScroll.swift */ = {isa = PBXFileReference; lastKnownFileType = sourcecode.swift; path = ArticlesScroll.swift; sourceTree = "<group>"; };
		D552F16D2A786FAC0090331C /* FillterComponent.swift */ = {isa = PBXFileReference; lastKnownFileType = sourcecode.swift; path = FillterComponent.swift; sourceTree = "<group>"; };
		D552F1712A787CF00090331C /* CashRelam.swift */ = {isa = PBXFileReference; lastKnownFileType = sourcecode.swift; path = CashRelam.swift; sourceTree = "<group>"; };
		D552F1732A7880460090331C /* BookmarkRelam.swift */ = {isa = PBXFileReference; lastKnownFileType = sourcecode.swift; path = BookmarkRelam.swift; sourceTree = "<group>"; };
		D5A84BB02A76FB0B007A24C8 /* NewsReader.app */ = {isa = PBXFileReference; explicitFileType = wrapper.application; includeInIndex = 0; path = NewsReader.app; sourceTree = BUILT_PRODUCTS_DIR; };
		D5A84BB32A76FB0B007A24C8 /* NewsReaderApp.swift */ = {isa = PBXFileReference; lastKnownFileType = sourcecode.swift; path = NewsReaderApp.swift; sourceTree = "<group>"; };
		D5A84BB52A76FB0B007A24C8 /* ContentView.swift */ = {isa = PBXFileReference; lastKnownFileType = sourcecode.swift; path = ContentView.swift; sourceTree = "<group>"; };
		D5A84BB72A76FB0C007A24C8 /* Assets.xcassets */ = {isa = PBXFileReference; lastKnownFileType = folder.assetcatalog; path = Assets.xcassets; sourceTree = "<group>"; };
		D5A84BBA2A76FB0C007A24C8 /* Preview Assets.xcassets */ = {isa = PBXFileReference; lastKnownFileType = folder.assetcatalog; path = "Preview Assets.xcassets"; sourceTree = "<group>"; };
		D5A84BCD2A770106007A24C8 /* Articles.swift */ = {isa = PBXFileReference; lastKnownFileType = sourcecode.swift; path = Articles.swift; sourceTree = "<group>"; };
		D5A84BD12A770572007A24C8 /* Controller_Realm.swift */ = {isa = PBXFileReference; lastKnownFileType = sourcecode.swift; path = Controller_Realm.swift; sourceTree = "<group>"; };
		D5A84BD32A77065F007A24C8 /* Info_API.swift */ = {isa = PBXFileReference; lastKnownFileType = sourcecode.swift; path = Info_API.swift; sourceTree = "<group>"; };
		D5A84BD52A7706A1007A24C8 /* Controller_API.swift */ = {isa = PBXFileReference; lastKnownFileType = sourcecode.swift; path = Controller_API.swift; sourceTree = "<group>"; };
		D5A84BD82A7732E4007A24C8 /* WebView.swift */ = {isa = PBXFileReference; lastKnownFileType = sourcecode.swift; path = WebView.swift; sourceTree = "<group>"; };
/* End PBXFileReference section */

/* Begin PBXFrameworksBuildPhase section */
		D5A84BAD2A76FB0B007A24C8 /* Frameworks */ = {
			isa = PBXFrameworksBuildPhase;
			buildActionMask = 2147483647;
			files = (
				D5A84BCC2A76FD48007A24C8 /* Alamofire in Frameworks */,
				D5A84BC92A76FCA9007A24C8 /* RealmSwift in Frameworks */,
				D5A84BC72A76FCA9007A24C8 /* Realm in Frameworks */,
			);
			runOnlyForDeploymentPostprocessing = 0;
		};
/* End PBXFrameworksBuildPhase section */

/* Begin PBXGroup section */
		D552F16A2A786EE60090331C /* Component */ = {
			isa = PBXGroup;
			children = (
				D552F1662A78640E0090331C /* CustomButton.swift */,
				D552F1682A7865D00090331C /* CustomTextFiled.swift */,
				D552F16B2A786F990090331C /* ArticlesScroll.swift */,
				D552F16D2A786FAC0090331C /* FillterComponent.swift */,
			);
			path = Component;
			sourceTree = "<group>";
		};
		D5A84BA72A76FB0B007A24C8 = {
			isa = PBXGroup;
			children = (
				D5A84BB22A76FB0B007A24C8 /* NewsReader */,
				D5A84BB12A76FB0B007A24C8 /* Products */,
			);
			sourceTree = "<group>";
		};
		D5A84BB12A76FB0B007A24C8 /* Products */ = {
			isa = PBXGroup;
			children = (
				D5A84BB02A76FB0B007A24C8 /* NewsReader.app */,
			);
			name = Products;
			sourceTree = "<group>";
		};
		D5A84BB22A76FB0B007A24C8 /* NewsReader */ = {
			isa = PBXGroup;
			children = (
				D5A84BC42A76FB35007A24C8 /* Utility */,
				D5A84BC32A76FB2E007A24C8 /* Model */,
				D5A84BC22A76FB25007A24C8 /* ViewModel */,
				D5A84BC12A76FB1F007A24C8 /* View */,
				D5A84BB32A76FB0B007A24C8 /* NewsReaderApp.swift */,
				D5A84BB52A76FB0B007A24C8 /* ContentView.swift */,
				D5A84BB72A76FB0C007A24C8 /* Assets.xcassets */,
				D5A84BB92A76FB0C007A24C8 /* Preview Content */,
			);
			path = NewsReader;
			sourceTree = "<group>";
		};
		D5A84BB92A76FB0C007A24C8 /* Preview Content */ = {
			isa = PBXGroup;
			children = (
				D5A84BBA2A76FB0C007A24C8 /* Preview Assets.xcassets */,
			);
			path = "Preview Content";
			sourceTree = "<group>";
		};
		D5A84BC12A76FB1F007A24C8 /* View */ = {
			isa = PBXGroup;
			children = (
				D552F16A2A786EE60090331C /* Component */,
				D5A84BD82A7732E4007A24C8 /* WebView.swift */,
				D552F1622A7863D90090331C /* ArticleItem.swift */,
				D552F1642A7863F30090331C /* ArticleDetails.swift */,
			);
			path = View;
			sourceTree = "<group>";
		};
		D5A84BC22A76FB25007A24C8 /* ViewModel */ = {
			isa = PBXGroup;
			children = (
				D552F1602A7852E00090331C /* ViewModel.swift */,
			);
			path = ViewModel;
			sourceTree = "<group>";
		};
		D5A84BC32A76FB2E007A24C8 /* Model */ = {
			isa = PBXGroup;
			children = (
				D5A84BD02A770555007A24C8 /* Realm */,
				D5A84BCF2A770545007A24C8 /* API */,
				D5A84BD32A77065F007A24C8 /* Info_API.swift */,
				D5A84BD52A7706A1007A24C8 /* Controller_API.swift */,
				D5A84BD12A770572007A24C8 /* Controller_Realm.swift */,
			);
			path = Model;
			sourceTree = "<group>";
		};
		D5A84BC42A76FB35007A24C8 /* Utility */ = {
			isa = PBXGroup;
			children = (
			);
			path = Utility;
			sourceTree = "<group>";
		};
		D5A84BCF2A770545007A24C8 /* API */ = {
			isa = PBXGroup;
			children = (
				D5A84BCD2A770106007A24C8 /* Articles.swift */,
			);
			path = API;
			sourceTree = "<group>";
		};
		D5A84BD02A770555007A24C8 /* Realm */ = {
			isa = PBXGroup;
			children = (
				D552F1712A787CF00090331C /* CashRelam.swift */,
				D552F1732A7880460090331C /* BookmarkRelam.swift */,
			);
			path = Realm;
			sourceTree = "<group>";
		};
/* End PBXGroup section */

/* Begin PBXNativeTarget section */
		D5A84BAF2A76FB0B007A24C8 /* NewsReader */ = {
			isa = PBXNativeTarget;
			buildConfigurationList = D5A84BBE2A76FB0C007A24C8 /* Build configuration list for PBXNativeTarget "NewsReader" */;
			buildPhases = (
				D5A84BAC2A76FB0B007A24C8 /* Sources */,
				D5A84BAD2A76FB0B007A24C8 /* Frameworks */,
				D5A84BAE2A76FB0B007A24C8 /* Resources */,
			);
			buildRules = (
			);
			dependencies = (
			);
			name = NewsReader;
			packageProductDependencies = (
				D5A84BC62A76FCA9007A24C8 /* Realm */,
				D5A84BC82A76FCA9007A24C8 /* RealmSwift */,
				D5A84BCB2A76FD48007A24C8 /* Alamofire */,
			);
			productName = NewsReader;
			productReference = D5A84BB02A76FB0B007A24C8 /* NewsReader.app */;
			productType = "com.apple.product-type.application";
		};
/* End PBXNativeTarget section */

/* Begin PBXProject section */
		D5A84BA82A76FB0B007A24C8 /* Project object */ = {
			isa = PBXProject;
			attributes = {
				BuildIndependentTargetsInParallel = 1;
				LastSwiftUpdateCheck = 1430;
				LastUpgradeCheck = 1430;
				TargetAttributes = {
					D5A84BAF2A76FB0B007A24C8 = {
						CreatedOnToolsVersion = 14.3.1;
					};
				};
			};
			buildConfigurationList = D5A84BAB2A76FB0B007A24C8 /* Build configuration list for PBXProject "NewsReader" */;
			compatibilityVersion = "Xcode 14.0";
			developmentRegion = en;
			hasScannedForEncodings = 0;
			knownRegions = (
				en,
				Base,
			);
			mainGroup = D5A84BA72A76FB0B007A24C8;
			packageReferences = (
				D5A84BC52A76FCA9007A24C8 /* XCRemoteSwiftPackageReference "realm-swift" */,
				D5A84BCA2A76FD48007A24C8 /* XCRemoteSwiftPackageReference "Alamofire" */,
			);
			productRefGroup = D5A84BB12A76FB0B007A24C8 /* Products */;
			projectDirPath = "";
			projectRoot = "";
			targets = (
				D5A84BAF2A76FB0B007A24C8 /* NewsReader */,
			);
		};
/* End PBXProject section */

/* Begin PBXResourcesBuildPhase section */
		D5A84BAE2A76FB0B007A24C8 /* Resources */ = {
			isa = PBXResourcesBuildPhase;
			buildActionMask = 2147483647;
			files = (
				D5A84BBB2A76FB0C007A24C8 /* Preview Assets.xcassets in Resources */,
				D5A84BB82A76FB0C007A24C8 /* Assets.xcassets in Resources */,
			);
			runOnlyForDeploymentPostprocessing = 0;
		};
/* End PBXResourcesBuildPhase section */

/* Begin PBXSourcesBuildPhase section */
		D5A84BAC2A76FB0B007A24C8 /* Sources */ = {
			isa = PBXSourcesBuildPhase;
			buildActionMask = 2147483647;
			files = (
				D552F1692A7865D00090331C /* CustomTextFiled.swift in Sources */,
				D5A84BD62A7706A1007A24C8 /* Controller_API.swift in Sources */,
				D552F1722A787CF00090331C /* CashRelam.swift in Sources */,
				D5A84BB62A76FB0B007A24C8 /* ContentView.swift in Sources */,
				D552F1632A7863D90090331C /* ArticleItem.swift in Sources */,
				D552F1742A7880460090331C /* BookmarkRelam.swift in Sources */,
				D5A84BCE2A770106007A24C8 /* Articles.swift in Sources */,
				D5A84BD42A77065F007A24C8 /* Info_API.swift in Sources */,
				D5A84BD22A770572007A24C8 /* Controller_Realm.swift in Sources */,
				D552F16C2A786F990090331C /* ArticlesScroll.swift in Sources */,
				D5A84BB42A76FB0B007A24C8 /* NewsReaderApp.swift in Sources */,
				D552F1672A78640E0090331C /* CustomButton.swift in Sources */,
				D552F16E2A786FAC0090331C /* FillterComponent.swift in Sources */,
				D552F1612A7852E00090331C /* ViewModel.swift in Sources */,
				D5A84BD92A7732E4007A24C8 /* WebView.swift in Sources */,
				D552F1652A7863F30090331C /* ArticleDetails.swift in Sources */,
			);
			runOnlyForDeploymentPostprocessing = 0;
		};
/* End PBXSourcesBuildPhase section */

/* Begin XCBuildConfiguration section */
		D5A84BBC2A76FB0C007A24C8 /* Debug */ = {
			isa = XCBuildConfiguration;
			buildSettings = {
				ALWAYS_SEARCH_USER_PATHS = NO;
				CLANG_ANALYZER_NONNULL = YES;
				CLANG_ANALYZER_NUMBER_OBJECT_CONVERSION = YES_AGGRESSIVE;
				CLANG_CXX_LANGUAGE_STANDARD = "gnu++20";
				CLANG_ENABLE_MODULES = YES;
				CLANG_ENABLE_OBJC_ARC = YES;
				CLANG_ENABLE_OBJC_WEAK = YES;
				CLANG_WARN_BLOCK_CAPTURE_AUTORELEASING = YES;
				CLANG_WARN_BOOL_CONVERSION = YES;
				CLANG_WARN_COMMA = YES;
				CLANG_WARN_CONSTANT_CONVERSION = YES;
				CLANG_WARN_DEPRECATED_OBJC_IMPLEMENTATIONS = YES;
				CLANG_WARN_DIRECT_OBJC_ISA_USAGE = YES_ERROR;
				CLANG_WARN_DOCUMENTATION_COMMENTS = YES;
				CLANG_WARN_EMPTY_BODY = YES;
				CLANG_WARN_ENUM_CONVERSION = YES;
				CLANG_WARN_INFINITE_RECURSION = YES;
				CLANG_WARN_INT_CONVERSION = YES;
				CLANG_WARN_NON_LITERAL_NULL_CONVERSION = YES;
				CLANG_WARN_OBJC_IMPLICIT_RETAIN_SELF = YES;
				CLANG_WARN_OBJC_LITERAL_CONVERSION = YES;
				CLANG_WARN_OBJC_ROOT_CLASS = YES_ERROR;
				CLANG_WARN_QUOTED_INCLUDE_IN_FRAMEWORK_HEADER = YES;
				CLANG_WARN_RANGE_LOOP_ANALYSIS = YES;
				CLANG_WARN_STRICT_PROTOTYPES = YES;
				CLANG_WARN_SUSPICIOUS_MOVE = YES;
				CLANG_WARN_UNGUARDED_AVAILABILITY = YES_AGGRESSIVE;
				CLANG_WARN_UNREACHABLE_CODE = YES;
				CLANG_WARN__DUPLICATE_METHOD_MATCH = YES;
				COPY_PHASE_STRIP = NO;
				DEBUG_INFORMATION_FORMAT = dwarf;
				ENABLE_STRICT_OBJC_MSGSEND = YES;
				ENABLE_TESTABILITY = YES;
				GCC_C_LANGUAGE_STANDARD = gnu11;
				GCC_DYNAMIC_NO_PIC = NO;
				GCC_NO_COMMON_BLOCKS = YES;
				GCC_OPTIMIZATION_LEVEL = 0;
				GCC_PREPROCESSOR_DEFINITIONS = (
					"DEBUG=1",
					"$(inherited)",
				);
				GCC_WARN_64_TO_32_BIT_CONVERSION = YES;
				GCC_WARN_ABOUT_RETURN_TYPE = YES_ERROR;
				GCC_WARN_UNDECLARED_SELECTOR = YES;
				GCC_WARN_UNINITIALIZED_AUTOS = YES_AGGRESSIVE;
				GCC_WARN_UNUSED_FUNCTION = YES;
				GCC_WARN_UNUSED_VARIABLE = YES;
				IPHONEOS_DEPLOYMENT_TARGET = 16.4;
				MTL_ENABLE_DEBUG_INFO = INCLUDE_SOURCE;
				MTL_FAST_MATH = YES;
				ONLY_ACTIVE_ARCH = YES;
				SDKROOT = iphoneos;
				SWIFT_ACTIVE_COMPILATION_CONDITIONS = DEBUG;
				SWIFT_OPTIMIZATION_LEVEL = "-Onone";
			};
			name = Debug;
		};
		D5A84BBD2A76FB0C007A24C8 /* Release */ = {
			isa = XCBuildConfiguration;
			buildSettings = {
				ALWAYS_SEARCH_USER_PATHS = NO;
				CLANG_ANALYZER_NONNULL = YES;
				CLANG_ANALYZER_NUMBER_OBJECT_CONVERSION = YES_AGGRESSIVE;
				CLANG_CXX_LANGUAGE_STANDARD = "gnu++20";
				CLANG_ENABLE_MODULES = YES;
				CLANG_ENABLE_OBJC_ARC = YES;
				CLANG_ENABLE_OBJC_WEAK = YES;
				CLANG_WARN_BLOCK_CAPTURE_AUTORELEASING = YES;
				CLANG_WARN_BOOL_CONVERSION = YES;
				CLANG_WARN_COMMA = YES;
				CLANG_WARN_CONSTANT_CONVERSION = YES;
				CLANG_WARN_DEPRECATED_OBJC_IMPLEMENTATIONS = YES;
				CLANG_WARN_DIRECT_OBJC_ISA_USAGE = YES_ERROR;
				CLANG_WARN_DOCUMENTATION_COMMENTS = YES;
				CLANG_WARN_EMPTY_BODY = YES;
				CLANG_WARN_ENUM_CONVERSION = YES;
				CLANG_WARN_INFINITE_RECURSION = YES;
				CLANG_WARN_INT_CONVERSION = YES;
				CLANG_WARN_NON_LITERAL_NULL_CONVERSION = YES;
				CLANG_WARN_OBJC_IMPLICIT_RETAIN_SELF = YES;
				CLANG_WARN_OBJC_LITERAL_CONVERSION = YES;
				CLANG_WARN_OBJC_ROOT_CLASS = YES_ERROR;
				CLANG_WARN_QUOTED_INCLUDE_IN_FRAMEWORK_HEADER = YES;
				CLANG_WARN_RANGE_LOOP_ANALYSIS = YES;
				CLANG_WARN_STRICT_PROTOTYPES = YES;
				CLANG_WARN_SUSPICIOUS_MOVE = YES;
				CLANG_WARN_UNGUARDED_AVAILABILITY = YES_AGGRESSIVE;
				CLANG_WARN_UNREACHABLE_CODE = YES;
				CLANG_WARN__DUPLICATE_METHOD_MATCH = YES;
				COPY_PHASE_STRIP = NO;
				DEBUG_INFORMATION_FORMAT = "dwarf-with-dsym";
				ENABLE_NS_ASSERTIONS = NO;
				ENABLE_STRICT_OBJC_MSGSEND = YES;
				GCC_C_LANGUAGE_STANDARD = gnu11;
				GCC_NO_COMMON_BLOCKS = YES;
				GCC_WARN_64_TO_32_BIT_CONVERSION = YES;
				GCC_WARN_ABOUT_RETURN_TYPE = YES_ERROR;
				GCC_WARN_UNDECLARED_SELECTOR = YES;
				GCC_WARN_UNINITIALIZED_AUTOS = YES_AGGRESSIVE;
				GCC_WARN_UNUSED_FUNCTION = YES;
				GCC_WARN_UNUSED_VARIABLE = YES;
				IPHONEOS_DEPLOYMENT_TARGET = 16.4;
				MTL_ENABLE_DEBUG_INFO = NO;
				MTL_FAST_MATH = YES;
				SDKROOT = iphoneos;
				SWIFT_COMPILATION_MODE = wholemodule;
				SWIFT_OPTIMIZATION_LEVEL = "-O";
				VALIDATE_PRODUCT = YES;
			};
			name = Release;
		};
		D5A84BBF2A76FB0C007A24C8 /* Debug */ = {
			isa = XCBuildConfiguration;
			buildSettings = {
				ASSETCATALOG_COMPILER_APPICON_NAME = AppIcon;
				ASSETCATALOG_COMPILER_GLOBAL_ACCENT_COLOR_NAME = AccentColor;
				CODE_SIGN_STYLE = Automatic;
				CURRENT_PROJECT_VERSION = 1;
				DEVELOPMENT_ASSET_PATHS = "\"NewsReader/Preview Content\"";
				DEVELOPMENT_TEAM = SB52S4673U;
				ENABLE_PREVIEWS = YES;
				GENERATE_INFOPLIST_FILE = YES;
				INFOPLIST_KEY_UIApplicationSceneManifest_Generation = YES;
				INFOPLIST_KEY_UIApplicationSupportsIndirectInputEvents = YES;
				INFOPLIST_KEY_UILaunchScreen_Generation = YES;
				INFOPLIST_KEY_UISupportedInterfaceOrientations_iPad = "UIInterfaceOrientationPortrait UIInterfaceOrientationPortraitUpsideDown UIInterfaceOrientationLandscapeLeft UIInterfaceOrientationLandscapeRight";
				INFOPLIST_KEY_UISupportedInterfaceOrientations_iPhone = "UIInterfaceOrientationPortrait UIInterfaceOrientationLandscapeLeft UIInterfaceOrientationLandscapeRight";
				LD_RUNPATH_SEARCH_PATHS = (
					"$(inherited)",
					"@executable_path/Frameworks",
				);
				MARKETING_VERSION = 1.0;
				PRODUCT_BUNDLE_IDENTIFIER = com.asemelkhouli.NewsReader;
				PRODUCT_NAME = "$(TARGET_NAME)";
				SWIFT_EMIT_LOC_STRINGS = YES;
				SWIFT_VERSION = 5.0;
				TARGETED_DEVICE_FAMILY = "1,2";
			};
			name = Debug;
		};
		D5A84BC02A76FB0C007A24C8 /* Release */ = {
			isa = XCBuildConfiguration;
			buildSettings = {
				ASSETCATALOG_COMPILER_APPICON_NAME = AppIcon;
				ASSETCATALOG_COMPILER_GLOBAL_ACCENT_COLOR_NAME = AccentColor;
				CODE_SIGN_STYLE = Automatic;
				CURRENT_PROJECT_VERSION = 1;
				DEVELOPMENT_ASSET_PATHS = "\"NewsReader/Preview Content\"";
				DEVELOPMENT_TEAM = SB52S4673U;
				ENABLE_PREVIEWS = YES;
				GENERATE_INFOPLIST_FILE = YES;
				INFOPLIST_KEY_UIApplicationSceneManifest_Generation = YES;
				INFOPLIST_KEY_UIApplicationSupportsIndirectInputEvents = YES;
				INFOPLIST_KEY_UILaunchScreen_Generation = YES;
				INFOPLIST_KEY_UISupportedInterfaceOrientations_iPad = "UIInterfaceOrientationPortrait UIInterfaceOrientationPortraitUpsideDown UIInterfaceOrientationLandscapeLeft UIInterfaceOrientationLandscapeRight";
				INFOPLIST_KEY_UISupportedInterfaceOrientations_iPhone = "UIInterfaceOrientationPortrait UIInterfaceOrientationLandscapeLeft UIInterfaceOrientationLandscapeRight";
				LD_RUNPATH_SEARCH_PATHS = (
					"$(inherited)",
					"@executable_path/Frameworks",
				);
				MARKETING_VERSION = 1.0;
				PRODUCT_BUNDLE_IDENTIFIER = com.asemelkhouli.NewsReader;
				PRODUCT_NAME = "$(TARGET_NAME)";
				SWIFT_EMIT_LOC_STRINGS = YES;
				SWIFT_VERSION = 5.0;
				TARGETED_DEVICE_FAMILY = "1,2";
			};
			name = Release;
		};
/* End XCBuildConfiguration section */

/* Begin XCConfigurationList section */
		D5A84BAB2A76FB0B007A24C8 /* Build configuration list for PBXProject "NewsReader" */ = {
			isa = XCConfigurationList;
			buildConfigurations = (
				D5A84BBC2A76FB0C007A24C8 /* Debug */,
				D5A84BBD2A76FB0C007A24C8 /* Release */,
			);
			defaultConfigurationIsVisible = 0;
			defaultConfigurationName = Release;
		};
		D5A84BBE2A76FB0C007A24C8 /* Build configuration list for PBXNativeTarget "NewsReader" */ = {
			isa = XCConfigurationList;
			buildConfigurations = (
				D5A84BBF2A76FB0C007A24C8 /* Debug */,
				D5A84BC02A76FB0C007A24C8 /* Release */,
			);
			defaultConfigurationIsVisible = 0;
			defaultConfigurationName = Release;
		};
/* End XCConfigurationList section */

/* Begin XCRemoteSwiftPackageReference section */
		D5A84BC52A76FCA9007A24C8 /* XCRemoteSwiftPackageReference "realm-swift" */ = {
			isa = XCRemoteSwiftPackageReference;
			repositoryURL = "https://github.com/realm/realm-swift.git";
			requirement = {
				branch = master;
				kind = branch;
			};
		};
		D5A84BCA2A76FD48007A24C8 /* XCRemoteSwiftPackageReference "Alamofire" */ = {
			isa = XCRemoteSwiftPackageReference;
			repositoryURL = "https://github.com/Alamofire/Alamofire.git";
			requirement = {
				kind = upToNextMajorVersion;
				minimumVersion = 5.0.0;
			};
		};
/* End XCRemoteSwiftPackageReference section */

/* Begin XCSwiftPackageProductDependency section */
		D5A84BC62A76FCA9007A24C8 /* Realm */ = {
			isa = XCSwiftPackageProductDependency;
			package = D5A84BC52A76FCA9007A24C8 /* XCRemoteSwiftPackageReference "realm-swift" */;
			productName = Realm;
		};
		D5A84BC82A76FCA9007A24C8 /* RealmSwift */ = {
			isa = XCSwiftPackageProductDependency;
			package = D5A84BC52A76FCA9007A24C8 /* XCRemoteSwiftPackageReference "realm-swift" */;
			productName = RealmSwift;
		};
		D5A84BCB2A76FD48007A24C8 /* Alamofire */ = {
			isa = XCSwiftPackageProductDependency;
			package = D5A84BCA2A76FD48007A24C8 /* XCRemoteSwiftPackageReference "Alamofire" */;
			productName = Alamofire;
		};
/* End XCSwiftPackageProductDependency section */
	};
	rootObject = D5A84BA82A76FB0B007A24C8 /* Project object */;
}
